
Microsoft Visual Studio Solution File, Format Version 12.00
# Visual Studio Version 17
VisualStudioVersion = 17.3.32825.248
MinimumVisualStudioVersion = 10.0.40219.1
Project("{FAE04EC0-301F-11D3-BF4B-00C04F79EFBC}") = "VerisoftProject", "VerisoftProject.csproj", "{C98E667F-5C9D-4BD1-A95A-EAD99F8284D4}"
EndProject
Global
	GlobalSection(SolutionConfigurationPlatforms) = preSolution
		Debug|Any CPU = Debug|Any CPU
		Release|Any CPU = Release|Any CPU
	EndGlobalSection
	GlobalSection(ProjectConfigurationPlatforms) = postSolution
		{C98E667F-5C9D-4BD1-A95A-EAD99F8284D4}.Debug|Any CPU.ActiveCfg = Debug|Any CPU
		{C98E667F-5C9D-4BD1-A95A-EAD99F8284D4}.Debug|Any CPU.Build.0 = Debug|Any CPU
		{C98E667F-5C9D-4BD1-A95A-EAD99F8284D4}.Release|Any CPU.ActiveCfg = Release|Any CPU
		{C98E667F-5C9D-4BD1-A95A-EAD99F8284D4}.Release|Any CPU.Build.0 = Release|Any CPU
	EndGlobalSection
	GlobalSection(SolutionProperties) = preSolution
		HideSolutionNode = FALSE
	EndGlobalSection
	GlobalSection(ExtensibilityGlobals) = postSolution
		SolutionGuid = {EDE83189-337B-42FB-A63F-1020387123FF}
	EndGlobalSection
EndGlobal
